
Microsoft Visual Studio Solution File, Format Version 12.00
# Visual Studio Version 17
VisualStudioVersion = 17.10.35013.160
MinimumVisualStudioVersion = 10.0.40219.1
Project("{FAE04EC0-301F-11D3-BF4B-00C04F79EFBC}") = "Vetores_ProblemaExemplo_01", "Vetores_ProblemaExemplo_01.csproj", "{13786417-F490-4ADB-AAFE-2979E880B805}"
EndProject
Global
	GlobalSection(SolutionConfigurationPlatforms) = preSolution
		Debug|Any CPU = Debug|Any CPU
		Release|Any CPU = Release|Any CPU
	EndGlobalSection
	GlobalSection(ProjectConfigurationPlatforms) = postSolution
		{13786417-F490-4ADB-AAFE-2979E880B805}.Debug|Any CPU.ActiveCfg = Debug|Any CPU
		{13786417-F490-4ADB-AAFE-2979E880B805}.Debug|Any CPU.Build.0 = Debug|Any CPU
		{13786417-F490-4ADB-AAFE-2979E880B805}.Release|Any CPU.ActiveCfg = Release|Any CPU
		{13786417-F490-4ADB-AAFE-2979E880B805}.Release|Any CPU.Build.0 = Release|Any CPU
	EndGlobalSection
	GlobalSection(SolutionProperties) = preSolution
		HideSolutionNode = FALSE
	EndGlobalSection
	GlobalSection(ExtensibilityGlobals) = postSolution
		SolutionGuid = {FA759B9D-0093-40BF-9618-97190A9DDA3D}
	EndGlobalSection
EndGlobal
