
Microsoft Visual Studio Solution File, Format Version 12.00
# Visual Studio Version 17
VisualStudioVersion = 17.10.35013.160
MinimumVisualStudioVersion = 10.0.40219.1
Project("{FAE04EC0-301F-11D3-BF4B-00C04F79EFBC}") = "Sorted_Hash_1", "Sorted_Hash_1.csproj", "{A1B92DA0-7BFD-4180-BF9F-FE3120157B67}"
EndProject
Global
	GlobalSection(SolutionConfigurationPlatforms) = preSolution
		Debug|Any CPU = Debug|Any CPU
		Release|Any CPU = Release|Any CPU
	EndGlobalSection
	GlobalSection(ProjectConfigurationPlatforms) = postSolution
		{A1B92DA0-7BFD-4180-BF9F-FE3120157B67}.Debug|Any CPU.ActiveCfg = Debug|Any CPU
		{A1B92DA0-7BFD-4180-BF9F-FE3120157B67}.Debug|Any CPU.Build.0 = Debug|Any CPU
		{A1B92DA0-7BFD-4180-BF9F-FE3120157B67}.Release|Any CPU.ActiveCfg = Release|Any CPU
		{A1B92DA0-7BFD-4180-BF9F-FE3120157B67}.Release|Any CPU.Build.0 = Release|Any CPU
	EndGlobalSection
	GlobalSection(SolutionProperties) = preSolution
		HideSolutionNode = FALSE
	EndGlobalSection
	GlobalSection(ExtensibilityGlobals) = postSolution
		SolutionGuid = {5EA44F70-B24D-4FBF-A504-AA4762B9A04E}
	EndGlobalSection
EndGlobal
