
Microsoft Visual Studio Solution File, Format Version 12.00
# Visual Studio Version 17
VisualStudioVersion = 17.10.35013.160
MinimumVisualStudioVersion = 10.0.40219.1
Project("{FAE04EC0-301F-11D3-BF4B-00C04F79EFBC}") = "TimeSpan_Aula", "TimeSpan_Aula.csproj", "{FDC06B66-F0A7-4338-9390-F45FD7F9447D}"
EndProject
Global
	GlobalSection(SolutionConfigurationPlatforms) = preSolution
		Debug|Any CPU = Debug|Any CPU
		Release|Any CPU = Release|Any CPU
	EndGlobalSection
	GlobalSection(ProjectConfigurationPlatforms) = postSolution
		{FDC06B66-F0A7-4338-9390-F45FD7F9447D}.Debug|Any CPU.ActiveCfg = Debug|Any CPU
		{FDC06B66-F0A7-4338-9390-F45FD7F9447D}.Debug|Any CPU.Build.0 = Debug|Any CPU
		{FDC06B66-F0A7-4338-9390-F45FD7F9447D}.Release|Any CPU.ActiveCfg = Release|Any CPU
		{FDC06B66-F0A7-4338-9390-F45FD7F9447D}.Release|Any CPU.Build.0 = Release|Any CPU
	EndGlobalSection
	GlobalSection(SolutionProperties) = preSolution
		HideSolutionNode = FALSE
	EndGlobalSection
	GlobalSection(ExtensibilityGlobals) = postSolution
		SolutionGuid = {950EAF73-64E3-4CDD-B8FE-A11C0B2B6A22}
	EndGlobalSection
EndGlobal
