
Microsoft Visual Studio Solution File, Format Version 12.00
# Visual Studio Version 17
VisualStudioVersion = 17.10.35013.160
MinimumVisualStudioVersion = 10.0.40219.1
Project("{FAE04EC0-301F-11D3-BF4B-00C04F79EFBC}") = "Listas", "Listas.csproj", "{0CB99279-BFDB-4CA5-B774-B10464CFECB3}"
EndProject
Global
	GlobalSection(SolutionConfigurationPlatforms) = preSolution
		Debug|Any CPU = Debug|Any CPU
		Release|Any CPU = Release|Any CPU
	EndGlobalSection
	GlobalSection(ProjectConfigurationPlatforms) = postSolution
		{0CB99279-BFDB-4CA5-B774-B10464CFECB3}.Debug|Any CPU.ActiveCfg = Debug|Any CPU
		{0CB99279-BFDB-4CA5-B774-B10464CFECB3}.Debug|Any CPU.Build.0 = Debug|Any CPU
		{0CB99279-BFDB-4CA5-B774-B10464CFECB3}.Release|Any CPU.ActiveCfg = Release|Any CPU
		{0CB99279-BFDB-4CA5-B774-B10464CFECB3}.Release|Any CPU.Build.0 = Release|Any CPU
	EndGlobalSection
	GlobalSection(SolutionProperties) = preSolution
		HideSolutionNode = FALSE
	EndGlobalSection
	GlobalSection(ExtensibilityGlobals) = postSolution
		SolutionGuid = {0B57549B-F9E6-4481-A42A-5BAD502D007C}
	EndGlobalSection
EndGlobal
