
Microsoft Visual Studio Solution File, Format Version 12.00
# Visual Studio Version 17
VisualStudioVersion = 17.10.35013.160
MinimumVisualStudioVersion = 10.0.40219.1
Project("{FAE04EC0-301F-11D3-BF4B-00C04F79EFBC}") = "Problema_Exemplo02", "Problema_Exemplo02.csproj", "{1C8162D7-7B0B-4673-87DE-655A49329C54}"
EndProject
Global
	GlobalSection(SolutionConfigurationPlatforms) = preSolution
		Debug|Any CPU = Debug|Any CPU
		Release|Any CPU = Release|Any CPU
	EndGlobalSection
	GlobalSection(ProjectConfigurationPlatforms) = postSolution
		{1C8162D7-7B0B-4673-87DE-655A49329C54}.Debug|Any CPU.ActiveCfg = Debug|Any CPU
		{1C8162D7-7B0B-4673-87DE-655A49329C54}.Debug|Any CPU.Build.0 = Debug|Any CPU
		{1C8162D7-7B0B-4673-87DE-655A49329C54}.Release|Any CPU.ActiveCfg = Release|Any CPU
		{1C8162D7-7B0B-4673-87DE-655A49329C54}.Release|Any CPU.Build.0 = Release|Any CPU
	EndGlobalSection
	GlobalSection(SolutionProperties) = preSolution
		HideSolutionNode = FALSE
	EndGlobalSection
	GlobalSection(ExtensibilityGlobals) = postSolution
		SolutionGuid = {B0B99975-6C11-46A5-9964-BA5A442B577B}
	EndGlobalSection
EndGlobal
