
Microsoft Visual Studio Solution File, Format Version 12.00
# Visual Studio Version 17
VisualStudioVersion = 17.10.35013.160
MinimumVisualStudioVersion = 10.0.40219.1
Project("{FAE04EC0-301F-11D3-BF4B-00C04F79EFBC}") = "Vetores_ProblemaExemplo_02", "Vetores_ProblemaExemplo_02.csproj", "{15ECEF14-CC1C-4F1C-A022-FB8384A547DD}"
EndProject
Global
	GlobalSection(SolutionConfigurationPlatforms) = preSolution
		Debug|Any CPU = Debug|Any CPU
		Release|Any CPU = Release|Any CPU
	EndGlobalSection
	GlobalSection(ProjectConfigurationPlatforms) = postSolution
		{15ECEF14-CC1C-4F1C-A022-FB8384A547DD}.Debug|Any CPU.ActiveCfg = Debug|Any CPU
		{15ECEF14-CC1C-4F1C-A022-FB8384A547DD}.Debug|Any CPU.Build.0 = Debug|Any CPU
		{15ECEF14-CC1C-4F1C-A022-FB8384A547DD}.Release|Any CPU.ActiveCfg = Release|Any CPU
		{15ECEF14-CC1C-4F1C-A022-FB8384A547DD}.Release|Any CPU.Build.0 = Release|Any CPU
	EndGlobalSection
	GlobalSection(SolutionProperties) = preSolution
		HideSolutionNode = FALSE
	EndGlobalSection
	GlobalSection(ExtensibilityGlobals) = postSolution
		SolutionGuid = {D169E073-98A0-4CBD-90C2-C919C36F6523}
	EndGlobalSection
EndGlobal
