
Microsoft Visual Studio Solution File, Format Version 12.00
# Visual Studio Version 17
VisualStudioVersion = 17.11.35303.130
MinimumVisualStudioVersion = 10.0.40219.1
Project("{FAE04EC0-301F-11D3-BF4B-00C04F79EFBC}") = "Aluguel_Interface", "Aluguel_Interface.csproj", "{5677BBF5-EDBE-4F0E-8AE6-38DE7D3168E4}"
EndProject
Global
	GlobalSection(SolutionConfigurationPlatforms) = preSolution
		Debug|Any CPU = Debug|Any CPU
		Release|Any CPU = Release|Any CPU
	EndGlobalSection
	GlobalSection(ProjectConfigurationPlatforms) = postSolution
		{5677BBF5-EDBE-4F0E-8AE6-38DE7D3168E4}.Debug|Any CPU.ActiveCfg = Debug|Any CPU
		{5677BBF5-EDBE-4F0E-8AE6-38DE7D3168E4}.Debug|Any CPU.Build.0 = Debug|Any CPU
		{5677BBF5-EDBE-4F0E-8AE6-38DE7D3168E4}.Release|Any CPU.ActiveCfg = Release|Any CPU
		{5677BBF5-EDBE-4F0E-8AE6-38DE7D3168E4}.Release|Any CPU.Build.0 = Release|Any CPU
	EndGlobalSection
	GlobalSection(SolutionProperties) = preSolution
		HideSolutionNode = FALSE
	EndGlobalSection
	GlobalSection(ExtensibilityGlobals) = postSolution
		SolutionGuid = {570CFFFF-A377-4DDD-B012-8BB457F3AF1D}
	EndGlobalSection
EndGlobal
