
Microsoft Visual Studio Solution File, Format Version 12.00
# Visual Studio Version 17
VisualStudioVersion = 17.11.35303.130
MinimumVisualStudioVersion = 10.0.40219.1
Project("{FAE04EC0-301F-11D3-BF4B-00C04F79EFBC}") = "Using_Block", "Using_Block.csproj", "{BD4CB73A-1052-4EED-BFA2-FEB255BE8FAE}"
EndProject
Global
	GlobalSection(SolutionConfigurationPlatforms) = preSolution
		Debug|Any CPU = Debug|Any CPU
		Release|Any CPU = Release|Any CPU
	EndGlobalSection
	GlobalSection(ProjectConfigurationPlatforms) = postSolution
		{BD4CB73A-1052-4EED-BFA2-FEB255BE8FAE}.Debug|Any CPU.ActiveCfg = Debug|Any CPU
		{BD4CB73A-1052-4EED-BFA2-FEB255BE8FAE}.Debug|Any CPU.Build.0 = Debug|Any CPU
		{BD4CB73A-1052-4EED-BFA2-FEB255BE8FAE}.Release|Any CPU.ActiveCfg = Release|Any CPU
		{BD4CB73A-1052-4EED-BFA2-FEB255BE8FAE}.Release|Any CPU.Build.0 = Release|Any CPU
	EndGlobalSection
	GlobalSection(SolutionProperties) = preSolution
		HideSolutionNode = FALSE
	EndGlobalSection
	GlobalSection(ExtensibilityGlobals) = postSolution
		SolutionGuid = {328A21E4-3304-4EF0-A3E2-086AD16CE2DA}
	EndGlobalSection
EndGlobal
