
Microsoft Visual Studio Solution File, Format Version 12.00
# Visual Studio Version 17
VisualStudioVersion = 17.10.35013.160
MinimumVisualStudioVersion = 10.0.40219.1
Project("{FAE04EC0-301F-11D3-BF4B-00C04F79EFBC}") = "ex_sets", "ex_sets.csproj", "{28971DF4-4EF2-4BB9-B722-D1A35E279CCC}"
EndProject
Global
	GlobalSection(SolutionConfigurationPlatforms) = preSolution
		Debug|Any CPU = Debug|Any CPU
		Release|Any CPU = Release|Any CPU
	EndGlobalSection
	GlobalSection(ProjectConfigurationPlatforms) = postSolution
		{28971DF4-4EF2-4BB9-B722-D1A35E279CCC}.Debug|Any CPU.ActiveCfg = Debug|Any CPU
		{28971DF4-4EF2-4BB9-B722-D1A35E279CCC}.Debug|Any CPU.Build.0 = Debug|Any CPU
		{28971DF4-4EF2-4BB9-B722-D1A35E279CCC}.Release|Any CPU.ActiveCfg = Release|Any CPU
		{28971DF4-4EF2-4BB9-B722-D1A35E279CCC}.Release|Any CPU.Build.0 = Release|Any CPU
	EndGlobalSection
	GlobalSection(SolutionProperties) = preSolution
		HideSolutionNode = FALSE
	EndGlobalSection
	GlobalSection(ExtensibilityGlobals) = postSolution
		SolutionGuid = {0AE91FC7-3310-4BD5-91AC-2836F6ACC25A}
	EndGlobalSection
EndGlobal
