
Microsoft Visual Studio Solution File, Format Version 12.00
# Visual Studio Version 17
VisualStudioVersion = 17.10.35013.160
MinimumVisualStudioVersion = 10.0.40219.1
Project("{FAE04EC0-301F-11D3-BF4B-00C04F79EFBC}") = "Modificador_Ref_Out", "Modificador_Ref_Out.csproj", "{8519BC72-2FFF-49FE-B097-D19F7F1E358F}"
EndProject
Global
	GlobalSection(SolutionConfigurationPlatforms) = preSolution
		Debug|Any CPU = Debug|Any CPU
		Release|Any CPU = Release|Any CPU
	EndGlobalSection
	GlobalSection(ProjectConfigurationPlatforms) = postSolution
		{8519BC72-2FFF-49FE-B097-D19F7F1E358F}.Debug|Any CPU.ActiveCfg = Debug|Any CPU
		{8519BC72-2FFF-49FE-B097-D19F7F1E358F}.Debug|Any CPU.Build.0 = Debug|Any CPU
		{8519BC72-2FFF-49FE-B097-D19F7F1E358F}.Release|Any CPU.ActiveCfg = Release|Any CPU
		{8519BC72-2FFF-49FE-B097-D19F7F1E358F}.Release|Any CPU.Build.0 = Release|Any CPU
	EndGlobalSection
	GlobalSection(SolutionProperties) = preSolution
		HideSolutionNode = FALSE
	EndGlobalSection
	GlobalSection(ExtensibilityGlobals) = postSolution
		SolutionGuid = {2688F38F-E8D7-4AE7-9314-A787269C6FC7}
	EndGlobalSection
EndGlobal
