
Microsoft Visual Studio Solution File, Format Version 12.00
# Visual Studio Version 17
VisualStudioVersion = 17.11.35303.130
MinimumVisualStudioVersion = 10.0.40219.1
Project("{FAE04EC0-301F-11D3-BF4B-00C04F79EFBC}") = "exercise-dictionaries", "exercise-dictionaries.csproj", "{FF1F755B-AC33-4BFA-B62C-070180F63227}"
EndProject
Global
	GlobalSection(SolutionConfigurationPlatforms) = preSolution
		Debug|Any CPU = Debug|Any CPU
		Release|Any CPU = Release|Any CPU
	EndGlobalSection
	GlobalSection(ProjectConfigurationPlatforms) = postSolution
		{FF1F755B-AC33-4BFA-B62C-070180F63227}.Debug|Any CPU.ActiveCfg = Debug|Any CPU
		{FF1F755B-AC33-4BFA-B62C-070180F63227}.Debug|Any CPU.Build.0 = Debug|Any CPU
		{FF1F755B-AC33-4BFA-B62C-070180F63227}.Release|Any CPU.ActiveCfg = Release|Any CPU
		{FF1F755B-AC33-4BFA-B62C-070180F63227}.Release|Any CPU.Build.0 = Release|Any CPU
	EndGlobalSection
	GlobalSection(SolutionProperties) = preSolution
		HideSolutionNode = FALSE
	EndGlobalSection
	GlobalSection(ExtensibilityGlobals) = postSolution
		SolutionGuid = {16443FD2-C215-402B-87E9-FFD778F24F72}
	EndGlobalSection
EndGlobal
