
Microsoft Visual Studio Solution File, Format Version 12.00
# Visual Studio Version 17
VisualStudioVersion = 17.11.35303.130
MinimumVisualStudioVersion = 10.0.40219.1
Project("{FAE04EC0-301F-11D3-BF4B-00C04F79EFBC}") = "func_delegate", "func_delegate.csproj", "{DC94E6F6-6BC3-4276-AB9E-98903F09442E}"
EndProject
Global
	GlobalSection(SolutionConfigurationPlatforms) = preSolution
		Debug|Any CPU = Debug|Any CPU
		Release|Any CPU = Release|Any CPU
	EndGlobalSection
	GlobalSection(ProjectConfigurationPlatforms) = postSolution
		{DC94E6F6-6BC3-4276-AB9E-98903F09442E}.Debug|Any CPU.ActiveCfg = Debug|Any CPU
		{DC94E6F6-6BC3-4276-AB9E-98903F09442E}.Debug|Any CPU.Build.0 = Debug|Any CPU
		{DC94E6F6-6BC3-4276-AB9E-98903F09442E}.Release|Any CPU.ActiveCfg = Release|Any CPU
		{DC94E6F6-6BC3-4276-AB9E-98903F09442E}.Release|Any CPU.Build.0 = Release|Any CPU
	EndGlobalSection
	GlobalSection(SolutionProperties) = preSolution
		HideSolutionNode = FALSE
	EndGlobalSection
	GlobalSection(ExtensibilityGlobals) = postSolution
		SolutionGuid = {A3D9E10D-3C83-4C28-96CC-76237B191095}
	EndGlobalSection
EndGlobal
