
Microsoft Visual Studio Solution File, Format Version 12.00
# Visual Studio Version 17
VisualStudioVersion = 17.10.35013.160
MinimumVisualStudioVersion = 10.0.40219.1
Project("{FAE04EC0-301F-11D3-BF4B-00C04F79EFBC}") = "Palavra_var", "Palavra_var.csproj", "{93B9DE3F-736A-4075-A356-01C99E45CD61}"
EndProject
Global
	GlobalSection(SolutionConfigurationPlatforms) = preSolution
		Debug|Any CPU = Debug|Any CPU
		Release|Any CPU = Release|Any CPU
	EndGlobalSection
	GlobalSection(ProjectConfigurationPlatforms) = postSolution
		{93B9DE3F-736A-4075-A356-01C99E45CD61}.Debug|Any CPU.ActiveCfg = Debug|Any CPU
		{93B9DE3F-736A-4075-A356-01C99E45CD61}.Debug|Any CPU.Build.0 = Debug|Any CPU
		{93B9DE3F-736A-4075-A356-01C99E45CD61}.Release|Any CPU.ActiveCfg = Release|Any CPU
		{93B9DE3F-736A-4075-A356-01C99E45CD61}.Release|Any CPU.Build.0 = Release|Any CPU
	EndGlobalSection
	GlobalSection(SolutionProperties) = preSolution
		HideSolutionNode = FALSE
	EndGlobalSection
	GlobalSection(ExtensibilityGlobals) = postSolution
		SolutionGuid = {9B4442BD-1E19-49AF-AE9D-354A4A184800}
	EndGlobalSection
EndGlobal
