
Microsoft Visual Studio Solution File, Format Version 12.00
# Visual Studio Version 17
VisualStudioVersion = 17.10.35013.160
MinimumVisualStudioVersion = 10.0.40219.1
Project("{FAE04EC0-301F-11D3-BF4B-00C04F79EFBC}") = "Modificador_Params", "Modificador_Params.csproj", "{6749424E-95D4-4AA6-A937-D95512F5A767}"
EndProject
Global
	GlobalSection(SolutionConfigurationPlatforms) = preSolution
		Debug|Any CPU = Debug|Any CPU
		Release|Any CPU = Release|Any CPU
	EndGlobalSection
	GlobalSection(ProjectConfigurationPlatforms) = postSolution
		{6749424E-95D4-4AA6-A937-D95512F5A767}.Debug|Any CPU.ActiveCfg = Debug|Any CPU
		{6749424E-95D4-4AA6-A937-D95512F5A767}.Debug|Any CPU.Build.0 = Debug|Any CPU
		{6749424E-95D4-4AA6-A937-D95512F5A767}.Release|Any CPU.ActiveCfg = Release|Any CPU
		{6749424E-95D4-4AA6-A937-D95512F5A767}.Release|Any CPU.Build.0 = Release|Any CPU
	EndGlobalSection
	GlobalSection(SolutionProperties) = preSolution
		HideSolutionNode = FALSE
	EndGlobalSection
	GlobalSection(ExtensibilityGlobals) = postSolution
		SolutionGuid = {2AFE9BB1-54B4-4C0F-B79B-196C5002A0A0}
	EndGlobalSection
EndGlobal
