
Microsoft Visual Studio Solution File, Format Version 12.00
# Visual Studio Version 17
VisualStudioVersion = 17.10.35013.160
MinimumVisualStudioVersion = 10.0.40219.1
Project("{FAE04EC0-301F-11D3-BF4B-00C04F79EFBC}") = "Funcoes_Strings", "Funcoes_Strings.csproj", "{63E78DF8-9257-4589-A7F0-AABDDFA51352}"
EndProject
Global
	GlobalSection(SolutionConfigurationPlatforms) = preSolution
		Debug|Any CPU = Debug|Any CPU
		Release|Any CPU = Release|Any CPU
	EndGlobalSection
	GlobalSection(ProjectConfigurationPlatforms) = postSolution
		{63E78DF8-9257-4589-A7F0-AABDDFA51352}.Debug|Any CPU.ActiveCfg = Debug|Any CPU
		{63E78DF8-9257-4589-A7F0-AABDDFA51352}.Debug|Any CPU.Build.0 = Debug|Any CPU
		{63E78DF8-9257-4589-A7F0-AABDDFA51352}.Release|Any CPU.ActiveCfg = Release|Any CPU
		{63E78DF8-9257-4589-A7F0-AABDDFA51352}.Release|Any CPU.Build.0 = Release|Any CPU
	EndGlobalSection
	GlobalSection(SolutionProperties) = preSolution
		HideSolutionNode = FALSE
	EndGlobalSection
	GlobalSection(ExtensibilityGlobals) = postSolution
		SolutionGuid = {76F649E8-8F6E-4BF7-91A5-164EFDD92430}
	EndGlobalSection
EndGlobal
