
Microsoft Visual Studio Solution File, Format Version 12.00
# Visual Studio Version 17
VisualStudioVersion = 17.11.35303.130
MinimumVisualStudioVersion = 10.0.40219.1
Project("{FAE04EC0-301F-11D3-BF4B-00C04F79EFBC}") = "gethashcode_equals", "gethashcode_equals.csproj", "{FCFE8993-9738-42FB-A8BD-507FA72A33D3}"
EndProject
Global
	GlobalSection(SolutionConfigurationPlatforms) = preSolution
		Debug|Any CPU = Debug|Any CPU
		Release|Any CPU = Release|Any CPU
	EndGlobalSection
	GlobalSection(ProjectConfigurationPlatforms) = postSolution
		{FCFE8993-9738-42FB-A8BD-507FA72A33D3}.Debug|Any CPU.ActiveCfg = Debug|Any CPU
		{FCFE8993-9738-42FB-A8BD-507FA72A33D3}.Debug|Any CPU.Build.0 = Debug|Any CPU
		{FCFE8993-9738-42FB-A8BD-507FA72A33D3}.Release|Any CPU.ActiveCfg = Release|Any CPU
		{FCFE8993-9738-42FB-A8BD-507FA72A33D3}.Release|Any CPU.Build.0 = Release|Any CPU
	EndGlobalSection
	GlobalSection(SolutionProperties) = preSolution
		HideSolutionNode = FALSE
	EndGlobalSection
	GlobalSection(ExtensibilityGlobals) = postSolution
		SolutionGuid = {3EBDD9C6-0AC6-4488-BB47-1E24EB34C9AF}
	EndGlobalSection
EndGlobal
