
Microsoft Visual Studio Solution File, Format Version 12.00
# Visual Studio Version 17
VisualStudioVersion = 17.10.35013.160
MinimumVisualStudioVersion = 10.0.40219.1
Project("{FAE04EC0-301F-11D3-BF4B-00C04F79EFBC}") = "DateTime_ISO8601", "DateTime_ISO8601.csproj", "{658B6285-48ED-40B8-B508-820A3A179AEE}"
EndProject
Global
	GlobalSection(SolutionConfigurationPlatforms) = preSolution
		Debug|Any CPU = Debug|Any CPU
		Release|Any CPU = Release|Any CPU
	EndGlobalSection
	GlobalSection(ProjectConfigurationPlatforms) = postSolution
		{658B6285-48ED-40B8-B508-820A3A179AEE}.Debug|Any CPU.ActiveCfg = Debug|Any CPU
		{658B6285-48ED-40B8-B508-820A3A179AEE}.Debug|Any CPU.Build.0 = Debug|Any CPU
		{658B6285-48ED-40B8-B508-820A3A179AEE}.Release|Any CPU.ActiveCfg = Release|Any CPU
		{658B6285-48ED-40B8-B508-820A3A179AEE}.Release|Any CPU.Build.0 = Release|Any CPU
	EndGlobalSection
	GlobalSection(SolutionProperties) = preSolution
		HideSolutionNode = FALSE
	EndGlobalSection
	GlobalSection(ExtensibilityGlobals) = postSolution
		SolutionGuid = {7C35C530-887F-4176-8937-5794AC43137D}
	EndGlobalSection
EndGlobal
