
Microsoft Visual Studio Solution File, Format Version 12.00
# Visual Studio Version 17
VisualStudioVersion = 17.11.35303.130
MinimumVisualStudioVersion = 10.0.40219.1
Project("{FAE04EC0-301F-11D3-BF4B-00C04F79EFBC}") = "StreamWriter", "StreamWriter.csproj", "{2B065E8E-E863-4087-B242-31191CA64883}"
EndProject
Global
	GlobalSection(SolutionConfigurationPlatforms) = preSolution
		Debug|Any CPU = Debug|Any CPU
		Release|Any CPU = Release|Any CPU
	EndGlobalSection
	GlobalSection(ProjectConfigurationPlatforms) = postSolution
		{2B065E8E-E863-4087-B242-31191CA64883}.Debug|Any CPU.ActiveCfg = Debug|Any CPU
		{2B065E8E-E863-4087-B242-31191CA64883}.Debug|Any CPU.Build.0 = Debug|Any CPU
		{2B065E8E-E863-4087-B242-31191CA64883}.Release|Any CPU.ActiveCfg = Release|Any CPU
		{2B065E8E-E863-4087-B242-31191CA64883}.Release|Any CPU.Build.0 = Release|Any CPU
	EndGlobalSection
	GlobalSection(SolutionProperties) = preSolution
		HideSolutionNode = FALSE
	EndGlobalSection
	GlobalSection(ExtensibilityGlobals) = postSolution
		SolutionGuid = {198B7E1B-6001-4219-B22E-02609991A011}
	EndGlobalSection
EndGlobal
