
Microsoft Visual Studio Solution File, Format Version 12.00
# Visual Studio Version 17
VisualStudioVersion = 17.11.35303.130
MinimumVisualStudioVersion = 10.0.40219.1
Project("{FAE04EC0-301F-11D3-BF4B-00C04F79EFBC}") = "Alugel_SemInterface", "Alugel_SemInterface.csproj", "{18CD1FDC-50E0-4745-B2BD-5084BA9E1927}"
EndProject
Global
	GlobalSection(SolutionConfigurationPlatforms) = preSolution
		Debug|Any CPU = Debug|Any CPU
		Release|Any CPU = Release|Any CPU
	EndGlobalSection
	GlobalSection(ProjectConfigurationPlatforms) = postSolution
		{18CD1FDC-50E0-4745-B2BD-5084BA9E1927}.Debug|Any CPU.ActiveCfg = Debug|Any CPU
		{18CD1FDC-50E0-4745-B2BD-5084BA9E1927}.Debug|Any CPU.Build.0 = Debug|Any CPU
		{18CD1FDC-50E0-4745-B2BD-5084BA9E1927}.Release|Any CPU.ActiveCfg = Release|Any CPU
		{18CD1FDC-50E0-4745-B2BD-5084BA9E1927}.Release|Any CPU.Build.0 = Release|Any CPU
	EndGlobalSection
	GlobalSection(SolutionProperties) = preSolution
		HideSolutionNode = FALSE
	EndGlobalSection
	GlobalSection(ExtensibilityGlobals) = postSolution
		SolutionGuid = {52914BE0-0893-4597-84A9-913F29870615}
	EndGlobalSection
EndGlobal
