
Microsoft Visual Studio Solution File, Format Version 12.00
# Visual Studio Version 17
VisualStudioVersion = 17.10.35013.160
MinimumVisualStudioVersion = 10.0.40219.1
Project("{FAE04EC0-301F-11D3-BF4B-00C04F79EFBC}") = "Matrizes", "Matrizes.csproj", "{B1F016E4-6F8D-42C2-A5F1-387F7720DD29}"
EndProject
Global
	GlobalSection(SolutionConfigurationPlatforms) = preSolution
		Debug|Any CPU = Debug|Any CPU
		Release|Any CPU = Release|Any CPU
	EndGlobalSection
	GlobalSection(ProjectConfigurationPlatforms) = postSolution
		{B1F016E4-6F8D-42C2-A5F1-387F7720DD29}.Debug|Any CPU.ActiveCfg = Debug|Any CPU
		{B1F016E4-6F8D-42C2-A5F1-387F7720DD29}.Debug|Any CPU.Build.0 = Debug|Any CPU
		{B1F016E4-6F8D-42C2-A5F1-387F7720DD29}.Release|Any CPU.ActiveCfg = Release|Any CPU
		{B1F016E4-6F8D-42C2-A5F1-387F7720DD29}.Release|Any CPU.Build.0 = Release|Any CPU
	EndGlobalSection
	GlobalSection(SolutionProperties) = preSolution
		HideSolutionNode = FALSE
	EndGlobalSection
	GlobalSection(ExtensibilityGlobals) = postSolution
		SolutionGuid = {BF378509-C74E-46CA-8B8E-2EBD0B22C89F}
	EndGlobalSection
EndGlobal
