
Microsoft Visual Studio Solution File, Format Version 12.00
# Visual Studio Version 17
VisualStudioVersion = 17.10.35013.160
MinimumVisualStudioVersion = 10.0.40219.1
Project("{FAE04EC0-301F-11D3-BF4B-00C04F79EFBC}") = "Exercicio_Matrizes", "Exercicio_Matrizes.csproj", "{698D7160-AC65-4AAA-8B1F-C3A71A08C00E}"
EndProject
Global
	GlobalSection(SolutionConfigurationPlatforms) = preSolution
		Debug|Any CPU = Debug|Any CPU
		Release|Any CPU = Release|Any CPU
	EndGlobalSection
	GlobalSection(ProjectConfigurationPlatforms) = postSolution
		{698D7160-AC65-4AAA-8B1F-C3A71A08C00E}.Debug|Any CPU.ActiveCfg = Debug|Any CPU
		{698D7160-AC65-4AAA-8B1F-C3A71A08C00E}.Debug|Any CPU.Build.0 = Debug|Any CPU
		{698D7160-AC65-4AAA-8B1F-C3A71A08C00E}.Release|Any CPU.ActiveCfg = Release|Any CPU
		{698D7160-AC65-4AAA-8B1F-C3A71A08C00E}.Release|Any CPU.Build.0 = Release|Any CPU
	EndGlobalSection
	GlobalSection(SolutionProperties) = preSolution
		HideSolutionNode = FALSE
	EndGlobalSection
	GlobalSection(ExtensibilityGlobals) = postSolution
		SolutionGuid = {F9D2C67E-E64D-4803-A177-2BD15057B627}
	EndGlobalSection
EndGlobal
